
Microsoft Visual Studio Solution File, Format Version 12.00
# Visual Studio Version 17
VisualStudioVersion = 17.4.33205.214
MinimumVisualStudioVersion = 10.0.40219.1
Project("{FAE04EC0-301F-11D3-BF4B-00C04F79EFBC}") = "FirstWindowsFormsApp", "FirstWindowsFormsApp.csproj", "{4A49EB0F-DA50-403A-8310-BA5B358B7053}"
EndProject
Global
	GlobalSection(SolutionConfigurationPlatforms) = preSolution
		Debug|Any CPU = Debug|Any CPU
		Release|Any CPU = Release|Any CPU
	EndGlobalSection
	GlobalSection(ProjectConfigurationPlatforms) = postSolution
		{4A49EB0F-DA50-403A-8310-BA5B358B7053}.Debug|Any CPU.ActiveCfg = Debug|Any CPU
		{4A49EB0F-DA50-403A-8310-BA5B358B7053}.Debug|Any CPU.Build.0 = Debug|Any CPU
		{4A49EB0F-DA50-403A-8310-BA5B358B7053}.Release|Any CPU.ActiveCfg = Release|Any CPU
		{4A49EB0F-DA50-403A-8310-BA5B358B7053}.Release|Any CPU.Build.0 = Release|Any CPU
	EndGlobalSection
	GlobalSection(SolutionProperties) = preSolution
		HideSolutionNode = FALSE
	EndGlobalSection
	GlobalSection(ExtensibilityGlobals) = postSolution
		SolutionGuid = {E58FCEFF-71DB-4F51-BAE5-30CF48B2563A}
	EndGlobalSection
EndGlobal
